
Microsoft Visual Studio Solution File, Format Version 12.00
# Visual Studio Version 17
VisualStudioVersion = 17.7.34221.43
MinimumVisualStudioVersion = 10.0.40219.1
Project("{9A19103F-16F7-4668-BE54-9A1E7A4F7556}") = "APICalculadora", "CalculadoraApp\APICalculadora.csproj", "{AA16B33D-5C12-4172-8B76-8763B8191C48}"
EndProject
Project("{9A19103F-16F7-4668-BE54-9A1E7A4F7556}") = "Infra", "Infra\Infra.csproj", "{0F539114-CE6F-418B-A3F1-6F721D415F33}"
EndProject
Global
	GlobalSection(SolutionConfigurationPlatforms) = preSolution
		Debug|Any CPU = Debug|Any CPU
		Release|Any CPU = Release|Any CPU
	EndGlobalSection
	GlobalSection(ProjectConfigurationPlatforms) = postSolution
		{AA16B33D-5C12-4172-8B76-8763B8191C48}.Debug|Any CPU.ActiveCfg = Debug|Any CPU
		{AA16B33D-5C12-4172-8B76-8763B8191C48}.Debug|Any CPU.Build.0 = Debug|Any CPU
		{AA16B33D-5C12-4172-8B76-8763B8191C48}.Release|Any CPU.ActiveCfg = Release|Any CPU
		{AA16B33D-5C12-4172-8B76-8763B8191C48}.Release|Any CPU.Build.0 = Release|Any CPU
		{0F539114-CE6F-418B-A3F1-6F721D415F33}.Debug|Any CPU.ActiveCfg = Debug|Any CPU
		{0F539114-CE6F-418B-A3F1-6F721D415F33}.Debug|Any CPU.Build.0 = Debug|Any CPU
		{0F539114-CE6F-418B-A3F1-6F721D415F33}.Release|Any CPU.ActiveCfg = Release|Any CPU
		{0F539114-CE6F-418B-A3F1-6F721D415F33}.Release|Any CPU.Build.0 = Release|Any CPU
	EndGlobalSection
	GlobalSection(SolutionProperties) = preSolution
		HideSolutionNode = FALSE
	EndGlobalSection
	GlobalSection(ExtensibilityGlobals) = postSolution
		SolutionGuid = {07DE91B1-51C3-455B-9981-4C05F5284423}
	EndGlobalSection
EndGlobal
